
Microsoft Visual Studio Solution File, Format Version 12.00
# Visual Studio Version 17
VisualStudioVersion = 17.4.33122.133
MinimumVisualStudioVersion = 10.0.40219.1
Project("{FAE04EC0-301F-11D3-BF4B-00C04F79EFBC}") = "E_library_management", "E_library_management\E_library_management.csproj", "{ADC29C23-4260-45C8-AF77-F61F3D5DD1B3}"
EndProject
Global
	GlobalSection(SolutionConfigurationPlatforms) = preSolution
		Debug|Any CPU = Debug|Any CPU
		Release|Any CPU = Release|Any CPU
	EndGlobalSection
	GlobalSection(ProjectConfigurationPlatforms) = postSolution
		{ADC29C23-4260-45C8-AF77-F61F3D5DD1B3}.Debug|Any CPU.ActiveCfg = Debug|Any CPU
		{ADC29C23-4260-45C8-AF77-F61F3D5DD1B3}.Debug|Any CPU.Build.0 = Debug|Any CPU
		{ADC29C23-4260-45C8-AF77-F61F3D5DD1B3}.Release|Any CPU.ActiveCfg = Release|Any CPU
		{ADC29C23-4260-45C8-AF77-F61F3D5DD1B3}.Release|Any CPU.Build.0 = Release|Any CPU
	EndGlobalSection
	GlobalSection(SolutionProperties) = preSolution
		HideSolutionNode = FALSE
	EndGlobalSection
	GlobalSection(ExtensibilityGlobals) = postSolution
		SolutionGuid = {FE67051A-B934-40FB-B178-98A18562B04A}
	EndGlobalSection
EndGlobal
